
Microsoft Visual Studio Solution File, Format Version 12.00
# Visual Studio Version 16
VisualStudioVersion = 16.0.31515.178
MinimumVisualStudioVersion = 10.0.40219.1
Project("{FAE04EC0-301F-11D3-BF4B-00C04F79EFBC}") = "WebAPILara", "WebAPILara\WebAPILara.csproj", "{74C3AE73-B8D6-40D2-B46C-1C16B686E8A9}"
EndProject
Global
	GlobalSection(SolutionConfigurationPlatforms) = preSolution
		Debug|Any CPU = Debug|Any CPU
		Release|Any CPU = Release|Any CPU
	EndGlobalSection
	GlobalSection(ProjectConfigurationPlatforms) = postSolution
		{74C3AE73-B8D6-40D2-B46C-1C16B686E8A9}.Debug|Any CPU.ActiveCfg = Debug|Any CPU
		{74C3AE73-B8D6-40D2-B46C-1C16B686E8A9}.Debug|Any CPU.Build.0 = Debug|Any CPU
		{74C3AE73-B8D6-40D2-B46C-1C16B686E8A9}.Release|Any CPU.ActiveCfg = Release|Any CPU
		{74C3AE73-B8D6-40D2-B46C-1C16B686E8A9}.Release|Any CPU.Build.0 = Release|Any CPU
	EndGlobalSection
	GlobalSection(SolutionProperties) = preSolution
		HideSolutionNode = FALSE
	EndGlobalSection
	GlobalSection(ExtensibilityGlobals) = postSolution
		SolutionGuid = {D66C1A92-48AF-4FE3-8996-05DC5C08C21C}
	EndGlobalSection
EndGlobal
